// !$*UTF8*$!
{
	archiveVersion = 1;
	classes = {
	};
	objectVersion = 50;
	objects = {

/* Begin PBXBuildFile section */
		790E3B3B26D8511C007C306A /* covid19_statistics_appApp.swift in Sources */ = {isa = PBXBuildFile; fileRef = 790E3B3A26D8511C007C306A /* covid19_statistics_appApp.swift */; };
		790E3B3D26D8511C007C306A /* ContentView.swift in Sources */ = {isa = PBXBuildFile; fileRef = 790E3B3C26D8511C007C306A /* ContentView.swift */; };
		790E3B3F26D8511F007C306A /* Assets.xcassets in Resources */ = {isa = PBXBuildFile; fileRef = 790E3B3E26D8511F007C306A /* Assets.xcassets */; };
		790E3B4226D8511F007C306A /* Preview Assets.xcassets in Resources */ = {isa = PBXBuildFile; fileRef = 790E3B4126D8511F007C306A /* Preview Assets.xcassets */; };
		790E3B4426D8511F007C306A /* Persistence.swift in Sources */ = {isa = PBXBuildFile; fileRef = 790E3B4326D8511F007C306A /* Persistence.swift */; };
		790E3B4726D8511F007C306A /* covid19_statistics_app.xcdatamodeld in Sources */ = {isa = PBXBuildFile; fileRef = 790E3B4526D8511F007C306A /* covid19_statistics_app.xcdatamodeld */; };
		8B1EEBE4114C69BEAD486B64 /* Pods_covid19_statistics_app.framework in Frameworks */ = {isa = PBXBuildFile; fileRef = 44CEEA38B86ACA3D8DF56F15 /* Pods_covid19_statistics_app.framework */; };
/* End PBXBuildFile section */

/* Begin PBXFileReference section */
		44CEEA38B86ACA3D8DF56F15 /* Pods_covid19_statistics_app.framework */ = {isa = PBXFileReference; explicitFileType = wrapper.framework; includeInIndex = 0; path = Pods_covid19_statistics_app.framework; sourceTree = BUILT_PRODUCTS_DIR; };
		790E3B3726D8511C007C306A /* covid19_statistics_app.app */ = {isa = PBXFileReference; explicitFileType = wrapper.application; includeInIndex = 0; path = covid19_statistics_app.app; sourceTree = BUILT_PRODUCTS_DIR; };
		790E3B3A26D8511C007C306A /* covid19_statistics_appApp.swift */ = {isa = PBXFileReference; lastKnownFileType = sourcecode.swift; path = covid19_statistics_appApp.swift; sourceTree = "<group>"; };
		790E3B3C26D8511C007C306A /* ContentView.swift */ = {isa = PBXFileReference; lastKnownFileType = sourcecode.swift; path = ContentView.swift; sourceTree = "<group>"; };
		790E3B3E26D8511F007C306A /* Assets.xcassets */ = {isa = PBXFileReference; lastKnownFileType = folder.assetcatalog; path = Assets.xcassets; sourceTree = "<group>"; };
		790E3B4126D8511F007C306A /* Preview Assets.xcassets */ = {isa = PBXFileReference; lastKnownFileType = folder.assetcatalog; path = "Preview Assets.xcassets"; sourceTree = "<group>"; };
		790E3B4326D8511F007C306A /* Persistence.swift */ = {isa = PBXFileReference; lastKnownFileType = sourcecode.swift; path = Persistence.swift; sourceTree = "<group>"; };
		790E3B4626D8511F007C306A /* covid19_statistics_app.xcdatamodel */ = {isa = PBXFileReference; lastKnownFileType = wrapper.xcdatamodel; path = covid19_statistics_app.xcdatamodel; sourceTree = "<group>"; };
		790E3B4826D8511F007C306A /* Info.plist */ = {isa = PBXFileReference; lastKnownFileType = text.plist.xml; path = Info.plist; sourceTree = "<group>"; };
		8AF8B5CCEF435CAA9EC8B32E /* Pods-covid19_statistics_app.release.xcconfig */ = {isa = PBXFileReference; includeInIndex = 1; lastKnownFileType = text.xcconfig; name = "Pods-covid19_statistics_app.release.xcconfig"; path = "Target Support Files/Pods-covid19_statistics_app/Pods-covid19_statistics_app.release.xcconfig"; sourceTree = "<group>"; };
		EC28E6319A1D4CBFABA583A1 /* Pods-covid19_statistics_app.debug.xcconfig */ = {isa = PBXFileReference; includeInIndex = 1; lastKnownFileType = text.xcconfig; name = "Pods-covid19_statistics_app.debug.xcconfig"; path = "Target Support Files/Pods-covid19_statistics_app/Pods-covid19_statistics_app.debug.xcconfig"; sourceTree = "<group>"; };
/* End PBXFileReference section */

/* Begin PBXFrameworksBuildPhase section */
		790E3B3426D8511B007C306A /* Frameworks */ = {
			isa = PBXFrameworksBuildPhase;
			buildActionMask = 2147483647;
			files = (
				8B1EEBE4114C69BEAD486B64 /* Pods_covid19_statistics_app.framework in Frameworks */,
			);
			runOnlyForDeploymentPostprocessing = 0;
		};
/* End PBXFrameworksBuildPhase section */

/* Begin PBXGroup section */
		44B8DB8702ECFA1D500A6618 /* Pods */ = {
			isa = PBXGroup;
			children = (
				EC28E6319A1D4CBFABA583A1 /* Pods-covid19_statistics_app.debug.xcconfig */,
				8AF8B5CCEF435CAA9EC8B32E /* Pods-covid19_statistics_app.release.xcconfig */,
			);
			name = Pods;
			path = Pods;
			sourceTree = "<group>";
		};
		790E3B2E26D8511B007C306A = {
			isa = PBXGroup;
			children = (
				790E3B3926D8511C007C306A /* covid19_statistics_app */,
				790E3B3826D8511C007C306A /* Products */,
				44B8DB8702ECFA1D500A6618 /* Pods */,
				8B5AA144D22B358565545EF3 /* Frameworks */,
			);
			sourceTree = "<group>";
		};
		790E3B3826D8511C007C306A /* Products */ = {
			isa = PBXGroup;
			children = (
				790E3B3726D8511C007C306A /* covid19_statistics_app.app */,
			);
			name = Products;
			sourceTree = "<group>";
		};
		790E3B3926D8511C007C306A /* covid19_statistics_app */ = {
			isa = PBXGroup;
			children = (
				790E3B3A26D8511C007C306A /* covid19_statistics_appApp.swift */,
				790E3B3C26D8511C007C306A /* ContentView.swift */,
				790E3B3E26D8511F007C306A /* Assets.xcassets */,
				790E3B4326D8511F007C306A /* Persistence.swift */,
				790E3B4826D8511F007C306A /* Info.plist */,
				790E3B4526D8511F007C306A /* covid19_statistics_app.xcdatamodeld */,
				790E3B4026D8511F007C306A /* Preview Content */,
			);
			path = covid19_statistics_app;
			sourceTree = "<group>";
		};
		790E3B4026D8511F007C306A /* Preview Content */ = {
			isa = PBXGroup;
			children = (
				790E3B4126D8511F007C306A /* Preview Assets.xcassets */,
			);
			path = "Preview Content";
			sourceTree = "<group>";
		};
		8B5AA144D22B358565545EF3 /* Frameworks */ = {
			isa = PBXGroup;
			children = (
				44CEEA38B86ACA3D8DF56F15 /* Pods_covid19_statistics_app.framework */,
			);
			name = Frameworks;
			sourceTree = "<group>";
		};
/* End PBXGroup section */

/* Begin PBXNativeTarget section */
		790E3B3626D8511B007C306A /* covid19_statistics_app */ = {
			isa = PBXNativeTarget;
			buildConfigurationList = 790E3B4B26D8511F007C306A /* Build configuration list for PBXNativeTarget "covid19_statistics_app" */;
			buildPhases = (
				FB770548D15630C677F7FA16 /* [CP] Check Pods Manifest.lock */,
				790E3B3326D8511B007C306A /* Sources */,
				790E3B3426D8511B007C306A /* Frameworks */,
				790E3B3526D8511B007C306A /* Resources */,
				B2DCE185C4DA0B04F75C91E2 /* [CP] Embed Pods Frameworks */,
			);
			buildRules = (
			);
			dependencies = (
			);
			name = covid19_statistics_app;
			productName = covid19_statistics_app;
			productReference = 790E3B3726D8511C007C306A /* covid19_statistics_app.app */;
			productType = "com.apple.product-type.application";
		};
/* End PBXNativeTarget section */

/* Begin PBXProject section */
		790E3B2F26D8511B007C306A /* Project object */ = {
			isa = PBXProject;
			attributes = {
				LastSwiftUpdateCheck = 1250;
				LastUpgradeCheck = 1250;
				TargetAttributes = {
					790E3B3626D8511B007C306A = {
						CreatedOnToolsVersion = 12.5.1;
					};
				};
			};
			buildConfigurationList = 790E3B3226D8511B007C306A /* Build configuration list for PBXProject "covid19_statistics_app" */;
			compatibilityVersion = "Xcode 9.3";
			developmentRegion = en;
			hasScannedForEncodings = 0;
			knownRegions = (
				en,
				Base,
			);
			mainGroup = 790E3B2E26D8511B007C306A;
			productRefGroup = 790E3B3826D8511C007C306A /* Products */;
			projectDirPath = "";
			projectRoot = "";
			targets = (
				790E3B3626D8511B007C306A /* covid19_statistics_app */,
			);
		};
/* End PBXProject section */

/* Begin PBXResourcesBuildPhase section */
		790E3B3526D8511B007C306A /* Resources */ = {
			isa = PBXResourcesBuildPhase;
			buildActionMask = 2147483647;
			files = (
				790E3B4226D8511F007C306A /* Preview Assets.xcassets in Resources */,
				790E3B3F26D8511F007C306A /* Assets.xcassets in Resources */,
			);
			runOnlyForDeploymentPostprocessing = 0;
		};
/* End PBXResourcesBuildPhase section */

/* Begin PBXShellScriptBuildPhase section */
		B2DCE185C4DA0B04F75C91E2 /* [CP] Embed Pods Frameworks */ = {
			isa = PBXShellScriptBuildPhase;
			buildActionMask = 2147483647;
			files = (
			);
			inputFileListPaths = (
				"${PODS_ROOT}/Target Support Files/Pods-covid19_statistics_app/Pods-covid19_statistics_app-frameworks-${CONFIGURATION}-input-files.xcfilelist",
			);
			name = "[CP] Embed Pods Frameworks";
			outputFileListPaths = (
				"${PODS_ROOT}/Target Support Files/Pods-covid19_statistics_app/Pods-covid19_statistics_app-frameworks-${CONFIGURATION}-output-files.xcfilelist",
			);
			runOnlyForDeploymentPostprocessing = 0;
			shellPath = /bin/sh;
			shellScript = "\"${PODS_ROOT}/Target Support Files/Pods-covid19_statistics_app/Pods-covid19_statistics_app-frameworks.sh\"\n";
			showEnvVarsInLog = 0;
		};
		FB770548D15630C677F7FA16 /* [CP] Check Pods Manifest.lock */ = {
			isa = PBXShellScriptBuildPhase;
			buildActionMask = 2147483647;
			files = (
			);
			inputFileListPaths = (
			);
			inputPaths = (
				"${PODS_PODFILE_DIR_PATH}/Podfile.lock",
				"${PODS_ROOT}/Manifest.lock",
			);
			name = "[CP] Check Pods Manifest.lock";
			outputFileListPaths = (
			);
			outputPaths = (
				"$(DERIVED_FILE_DIR)/Pods-covid19_statistics_app-checkManifestLockResult.txt",
			);
			runOnlyForDeploymentPostprocessing = 0;
			shellPath = /bin/sh;
			shellScript = "diff \"${PODS_PODFILE_DIR_PATH}/Podfile.lock\" \"${PODS_ROOT}/Manifest.lock\" > /dev/null\nif [ $? != 0 ] ; then\n    # print error to STDERR\n    echo \"error: The sandbox is not in sync with the Podfile.lock. Run 'pod install' or update your CocoaPods installation.\" >&2\n    exit 1\nfi\n# This output is used by Xcode 'outputs' to avoid re-running this script phase.\necho \"SUCCESS\" > \"${SCRIPT_OUTPUT_FILE_0}\"\n";
			showEnvVarsInLog = 0;
		};
/* End PBXShellScriptBuildPhase section */

/* Begin PBXSourcesBuildPhase section */
		790E3B3326D8511B007C306A /* Sources */ = {
			isa = PBXSourcesBuildPhase;
			buildActionMask = 2147483647;
			files = (
				790E3B4726D8511F007C306A /* covid19_statistics_app.xcdatamodeld in Sources */,
				790E3B4426D8511F007C306A /* Persistence.swift in Sources */,
				790E3B3D26D8511C007C306A /* ContentView.swift in Sources */,
				790E3B3B26D8511C007C306A /* covid19_statistics_appApp.swift in Sources */,
			);
			runOnlyForDeploymentPostprocessing = 0;
		};
/* End PBXSourcesBuildPhase section */

/* Begin XCBuildConfiguration section */
		790E3B4926D8511F007C306A /* Debug */ = {
			isa = XCBuildConfiguration;
			buildSettings = {
				ALWAYS_SEARCH_USER_PATHS = NO;
				CLANG_ANALYZER_NONNULL = YES;
				CLANG_ANALYZER_NUMBER_OBJECT_CONVERSION = YES_AGGRESSIVE;
				CLANG_CXX_LANGUAGE_STANDARD = "gnu++14";
				CLANG_CXX_LIBRARY = "libc++";
				CLANG_ENABLE_MODULES = YES;
				CLANG_ENABLE_OBJC_ARC = YES;
				CLANG_ENABLE_OBJC_WEAK = YES;
				CLANG_WARN_BLOCK_CAPTURE_AUTORELEASING = YES;
				CLANG_WARN_BOOL_CONVERSION = YES;
				CLANG_WARN_COMMA = YES;
				CLANG_WARN_CONSTANT_CONVERSION = YES;
				CLANG_WARN_DEPRECATED_OBJC_IMPLEMENTATIONS = YES;
				CLANG_WARN_DIRECT_OBJC_ISA_USAGE = YES_ERROR;
				CLANG_WARN_DOCUMENTATION_COMMENTS = YES;
				CLANG_WARN_EMPTY_BODY = YES;
				CLANG_WARN_ENUM_CONVERSION = YES;
				CLANG_WARN_INFINITE_RECURSION = YES;
				CLANG_WARN_INT_CONVERSION = YES;
				CLANG_WARN_NON_LITERAL_NULL_CONVERSION = YES;
				CLANG_WARN_OBJC_IMPLICIT_RETAIN_SELF = YES;
				CLANG_WARN_OBJC_LITERAL_CONVERSION = YES;
				CLANG_WARN_OBJC_ROOT_CLASS = YES_ERROR;
				CLANG_WARN_QUOTED_INCLUDE_IN_FRAMEWORK_HEADER = YES;
				CLANG_WARN_RANGE_LOOP_ANALYSIS = YES;
				CLANG_WARN_STRICT_PROTOTYPES = YES;
				CLANG_WARN_SUSPICIOUS_MOVE = YES;
				CLANG_WARN_UNGUARDED_AVAILABILITY = YES_AGGRESSIVE;
				CLANG_WARN_UNREACHABLE_CODE = YES;
				CLANG_WARN__DUPLICATE_METHOD_MATCH = YES;
				COPY_PHASE_STRIP = NO;
				DEBUG_INFORMATION_FORMAT = dwarf;
				ENABLE_STRICT_OBJC_MSGSEND = YES;
				ENABLE_TESTABILITY = YES;
				GCC_C_LANGUAGE_STANDARD = gnu11;
				GCC_DYNAMIC_NO_PIC = NO;
				GCC_NO_COMMON_BLOCKS = YES;
				GCC_OPTIMIZATION_LEVEL = 0;
				GCC_PREPROCESSOR_DEFINITIONS = (
					"DEBUG=1",
					"$(inherited)",
				);
				GCC_WARN_64_TO_32_BIT_CONVERSION = YES;
				GCC_WARN_ABOUT_RETURN_TYPE = YES_ERROR;
				GCC_WARN_UNDECLARED_SELECTOR = YES;
				GCC_WARN_UNINITIALIZED_AUTOS = YES_AGGRESSIVE;
				GCC_WARN_UNUSED_FUNCTION = YES;
				GCC_WARN_UNUSED_VARIABLE = YES;
				IPHONEOS_DEPLOYMENT_TARGET = 14.5;
				MTL_ENABLE_DEBUG_INFO = INCLUDE_SOURCE;
				MTL_FAST_MATH = YES;
				ONLY_ACTIVE_ARCH = YES;
				SDKROOT = iphoneos;
				SWIFT_ACTIVE_COMPILATION_CONDITIONS = DEBUG;
				SWIFT_OPTIMIZATION_LEVEL = "-Onone";
			};
			name = Debug;
		};
		790E3B4A26D8511F007C306A /* Release */ = {
			isa = XCBuildConfiguration;
			buildSettings = {
				ALWAYS_SEARCH_USER_PATHS = NO;
				CLANG_ANALYZER_NONNULL = YES;
				CLANG_ANALYZER_NUMBER_OBJECT_CONVERSION = YES_AGGRESSIVE;
				CLANG_CXX_LANGUAGE_STANDARD = "gnu++14";
				CLANG_CXX_LIBRARY = "libc++";
				CLANG_ENABLE_MODULES = YES;
				CLANG_ENABLE_OBJC_ARC = YES;
				CLANG_ENABLE_OBJC_WEAK = YES;
				CLANG_WARN_BLOCK_CAPTURE_AUTORELEASING = YES;
				CLANG_WARN_BOOL_CONVERSION = YES;
				CLANG_WARN_COMMA = YES;
				CLANG_WARN_CONSTANT_CONVERSION = YES;
				CLANG_WARN_DEPRECATED_OBJC_IMPLEMENTATIONS = YES;
				CLANG_WARN_DIRECT_OBJC_ISA_USAGE = YES_ERROR;
				CLANG_WARN_DOCUMENTATION_COMMENTS = YES;
				CLANG_WARN_EMPTY_BODY = YES;
				CLANG_WARN_ENUM_CONVERSION = YES;
				CLANG_WARN_INFINITE_RECURSION = YES;
				CLANG_WARN_INT_CONVERSION = YES;
				CLANG_WARN_NON_LITERAL_NULL_CONVERSION = YES;
				CLANG_WARN_OBJC_IMPLICIT_RETAIN_SELF = YES;
				CLANG_WARN_OBJC_LITERAL_CONVERSION = YES;
				CLANG_WARN_OBJC_ROOT_CLASS = YES_ERROR;
				CLANG_WARN_QUOTED_INCLUDE_IN_FRAMEWORK_HEADER = YES;
				CLANG_WARN_RANGE_LOOP_ANALYSIS = YES;
				CLANG_WARN_STRICT_PROTOTYPES = YES;
				CLANG_WARN_SUSPICIOUS_MOVE = YES;
				CLANG_WARN_UNGUARDED_AVAILABILITY = YES_AGGRESSIVE;
				CLANG_WARN_UNREACHABLE_CODE = YES;
				CLANG_WARN__DUPLICATE_METHOD_MATCH = YES;
				COPY_PHASE_STRIP = NO;
				DEBUG_INFORMATION_FORMAT = "dwarf-with-dsym";
				ENABLE_NS_ASSERTIONS = NO;
				ENABLE_STRICT_OBJC_MSGSEND = YES;
				GCC_C_LANGUAGE_STANDARD = gnu11;
				GCC_NO_COMMON_BLOCKS = YES;
				GCC_WARN_64_TO_32_BIT_CONVERSION = YES;
				GCC_WARN_ABOUT_RETURN_TYPE = YES_ERROR;
				GCC_WARN_UNDECLARED_SELECTOR = YES;
				GCC_WARN_UNINITIALIZED_AUTOS = YES_AGGRESSIVE;
				GCC_WARN_UNUSED_FUNCTION = YES;
				GCC_WARN_UNUSED_VARIABLE = YES;
				IPHONEOS_DEPLOYMENT_TARGET = 14.5;
				MTL_ENABLE_DEBUG_INFO = NO;
				MTL_FAST_MATH = YES;
				SDKROOT = iphoneos;
				SWIFT_COMPILATION_MODE = wholemodule;
				SWIFT_OPTIMIZATION_LEVEL = "-O";
				VALIDATE_PRODUCT = YES;
			};
			name = Release;
		};
		790E3B4C26D8511F007C306A /* Debug */ = {
			isa = XCBuildConfiguration;
			baseConfigurationReference = EC28E6319A1D4CBFABA583A1 /* Pods-covid19_statistics_app.debug.xcconfig */;
			buildSettings = {
				ASSETCATALOG_COMPILER_APPICON_NAME = AppIcon;
				ASSETCATALOG_COMPILER_GLOBAL_ACCENT_COLOR_NAME = AccentColor;
				CODE_SIGN_STYLE = Automatic;
				DEVELOPMENT_ASSET_PATHS = "\"covid19_statistics_app/Preview Content\"";
				DEVELOPMENT_TEAM = JS737GGB79;
				ENABLE_PREVIEWS = YES;
				INFOPLIST_FILE = covid19_statistics_app/Info.plist;
				IPHONEOS_DEPLOYMENT_TARGET = 14.0;
				LD_RUNPATH_SEARCH_PATHS = (
					"$(inherited)",
					"@executable_path/Frameworks",
				);
				PRODUCT_BUNDLE_IDENTIFIER = "com.juniorferreira.covid19-statistics-app";
				PRODUCT_NAME = "$(TARGET_NAME)";
				SWIFT_VERSION = 5.0;
				TARGETED_DEVICE_FAMILY = "1,2";
			};
			name = Debug;
		};
		790E3B4D26D8511F007C306A /* Release */ = {
			isa = XCBuildConfiguration;
			baseConfigurationReference = 8AF8B5CCEF435CAA9EC8B32E /* Pods-covid19_statistics_app.release.xcconfig */;
			buildSettings = {
				ASSETCATALOG_COMPILER_APPICON_NAME = AppIcon;
				ASSETCATALOG_COMPILER_GLOBAL_ACCENT_COLOR_NAME = AccentColor;
				CODE_SIGN_STYLE = Automatic;
				DEVELOPMENT_ASSET_PATHS = "\"covid19_statistics_app/Preview Content\"";
				DEVELOPMENT_TEAM = JS737GGB79;
				ENABLE_PREVIEWS = YES;
				INFOPLIST_FILE = covid19_statistics_app/Info.plist;
				IPHONEOS_DEPLOYMENT_TARGET = 14.0;
				LD_RUNPATH_SEARCH_PATHS = (
					"$(inherited)",
					"@executable_path/Frameworks",
				);
				PRODUCT_BUNDLE_IDENTIFIER = "com.juniorferreira.covid19-statistics-app";
				PRODUCT_NAME = "$(TARGET_NAME)";
				SWIFT_VERSION = 5.0;
				TARGETED_DEVICE_FAMILY = "1,2";
			};
			name = Release;
		};
/* End XCBuildConfiguration section */

/* Begin XCConfigurationList section */
		790E3B3226D8511B007C306A /* Build configuration list for PBXProject "covid19_statistics_app" */ = {
			isa = XCConfigurationList;
			buildConfigurations = (
				790E3B4926D8511F007C306A /* Debug */,
				790E3B4A26D8511F007C306A /* Release */,
			);
			defaultConfigurationIsVisible = 0;
			defaultConfigurationName = Release;
		};
		790E3B4B26D8511F007C306A /* Build configuration list for PBXNativeTarget "covid19_statistics_app" */ = {
			isa = XCConfigurationList;
			buildConfigurations = (
				790E3B4C26D8511F007C306A /* Debug */,
				790E3B4D26D8511F007C306A /* Release */,
			);
			defaultConfigurationIsVisible = 0;
			defaultConfigurationName = Release;
		};
/* End XCConfigurationList section */

/* Begin XCVersionGroup section */
		790E3B4526D8511F007C306A /* covid19_statistics_app.xcdatamodeld */ = {
			isa = XCVersionGroup;
			children = (
				790E3B4626D8511F007C306A /* covid19_statistics_app.xcdatamodel */,
			);
			currentVersion = 790E3B4626D8511F007C306A /* covid19_statistics_app.xcdatamodel */;
			path = covid19_statistics_app.xcdatamodeld;
			sourceTree = "<group>";
			versionGroupType = wrapper.xcdatamodel;
		};
/* End XCVersionGroup section */
	};
	rootObject = 790E3B2F26D8511B007C306A /* Project object */;
}
